# THIS IS AN AUTOGENERATED FILE. DO NOT EDIT THIS FILE DIRECTLY.
# yarn lockfile v1


"@babel/runtime@^7.3.1":
  version "7.18.9"
  resolved "https://registry.yarnpkg.com/@babel/runtime/-/runtime-7.18.9.tgz#b4fcfce55db3d2e5e080d2490f608a3b9f407f4a"
  integrity sha512-lkqXDcvlFT5rvEjiu6+QYO+1GXrEHRo2LOtS7E4GtX5ESIZOgepqsZBVIj6Pv+a6zqsya9VCgiK1KAK4BvJDAw==
  dependencies:
    regenerator-runtime "^0.13.4"

acausal@^2.0.3:
  version "2.0.3"
  resolved "https://registry.yarnpkg.com/acausal/-/acausal-2.0.3.tgz#94846db3f1daeef69629326ccc302965411323af"
  integrity sha512-vQfdg4+TiS3sKqMcYpDmMFcfAAUH4rhbZW/KBxDg1o2d0xx+inDCEsu/xFEyzCwxOnSc9XjaPrmxDTRLTNoafQ==
  dependencies:
    random-js "2.1.0"
    scalr "1.1.4"

async@^2.0.1:
  version "2.6.4"
  resolved "https://registry.yarnpkg.com/async/-/async-2.6.4.tgz#706b7ff6084664cd7eae713f6f965433b5504221"
  integrity sha512-mzo5dfJYwAn29PeiJ0zvwTo04zj8HDJj0Mn8TD7sno7q12prdbnasKJHhkm2c1LgrhlJ0teaea8860oxi51mGA==
  dependencies:
    lodash "^4.17.14"

boolbase@^1.0.0:
  version "1.0.0"
  resolved "https://registry.yarnpkg.com/boolbase/-/boolbase-1.0.0.tgz#68dff5fbe60c51eb37725ea9e3ed310dcc1e776e"
  integrity sha512-JZOSA7Mo9sNGB8+UjSgzdLtokWAky1zbztM3WRLCbZ70/3cTANmQmOdR7y2g+J0e2WXywy1yS468tY+IruqEww==

cheerio-select@^2.1.0:
  version "2.1.0"
  resolved "https://registry.yarnpkg.com/cheerio-select/-/cheerio-select-2.1.0.tgz#4d8673286b8126ca2a8e42740d5e3c4884ae21b4"
  integrity sha512-9v9kG0LvzrlcungtnJtpGNxY+fzECQKhK4EGJX2vByejiMX84MFNQw4UxPJl3bFbTMw+Dfs37XaIkCwTZfLh4g==
  dependencies:
    boolbase "^1.0.0"
    css-select "^5.1.0"
    css-what "^6.1.0"
    domelementtype "^2.3.0"
    domhandler "^5.0.3"
    domutils "^3.0.1"

cheerio@^1.0.0-rc.12:
  version "1.0.0-rc.12"
  resolved "https://registry.yarnpkg.com/cheerio/-/cheerio-1.0.0-rc.12.tgz#788bf7466506b1c6bf5fae51d24a2c4d62e47683"
  integrity sha512-VqR8m68vM46BNnuZ5NtnGBKIE/DfN0cRIzg9n40EIq9NOv90ayxLBXA8fXC5gquFRGJSTRqBq25Jt2ECLR431Q==
  dependencies:
    cheerio-select "^2.1.0"
    dom-serializer "^2.0.0"
    domhandler "^5.0.3"
    domutils "^3.0.1"
    htmlparser2 "^8.0.1"
    parse5 "^7.0.0"
    parse5-htmlparser2-tree-adapter "^7.0.0"

core-js@^2.5.0:
  version "2.6.12"
  resolved "https://registry.yarnpkg.com/core-js/-/core-js-2.6.12.tgz#d9333dfa7b065e347cc5682219d6f690859cc2ec"
  integrity sha512-Kb2wC0fvsWfQrgk8HU5lW6U/Lcs8+9aaYcy4ZFc6DDlo4nZ7n70dEgE5rtR0oG6ufKDUnrwfWL1mXR5ljDatrQ==

css-select@^5.1.0:
  version "5.1.0"
  resolved "https://registry.yarnpkg.com/css-select/-/css-select-5.1.0.tgz#b8ebd6554c3637ccc76688804ad3f6a6fdaea8a6"
  integrity sha512-nwoRF1rvRRnnCqqY7updORDsuqKzqYJ28+oSMaJMMgOauh3fvwHqMS7EZpIPqK8GL+g9mKxF1vP/ZjSeNjEVHg==
  dependencies:
    boolbase "^1.0.0"
    css-what "^6.1.0"
    domhandler "^5.0.2"
    domutils "^3.0.1"
    nth-check "^2.0.1"

css-what@^6.1.0:
  version "6.1.0"
  resolved "https://registry.yarnpkg.com/css-what/-/css-what-6.1.0.tgz#fb5effcf76f1ddea2c81bdfaa4de44e79bac70f4"
  integrity sha512-HTUrgRJ7r4dsZKU6GjmpfRK1O76h97Z8MfS1G0FozR+oF2kG6Vfe8JE6zwrkbxigziPHinCJ+gCPjA9EaBDtRw==

dom-serializer@^2.0.0:
  version "2.0.0"
  resolved "https://registry.yarnpkg.com/dom-serializer/-/dom-serializer-2.0.0.tgz#e41b802e1eedf9f6cae183ce5e622d789d7d8e53"
  integrity sha512-wIkAryiqt/nV5EQKqQpo3SToSOV9J0DnbJqwK7Wv/Trc92zIAYZ4FlMu+JPFW1DfGFt81ZTCGgDEabffXeLyJg==
  dependencies:
    domelementtype "^2.3.0"
    domhandler "^5.0.2"
    entities "^4.2.0"

domelementtype@^2.3.0:
  version "2.3.0"
  resolved "https://registry.yarnpkg.com/domelementtype/-/domelementtype-2.3.0.tgz#5c45e8e869952626331d7aab326d01daf65d589d"
  integrity sha512-OLETBj6w0OsagBwdXnPdN0cnMfF9opN69co+7ZrbfPGrdpPVNBUj02spi6B1N7wChLQiPn4CSH/zJvXw56gmHw==

domhandler@^5.0.1, domhandler@^5.0.2, domhandler@^5.0.3:
  version "5.0.3"
  resolved "https://registry.yarnpkg.com/domhandler/-/domhandler-5.0.3.tgz#cc385f7f751f1d1fc650c21374804254538c7d31"
  integrity sha512-cgwlv/1iFQiFnU96XXgROh8xTeetsnJiDsTc7TYCLFd9+/WNkIqPTxiM/8pSd8VIrhXGTf1Ny1q1hquVqDJB5w==
  dependencies:
    domelementtype "^2.3.0"

domutils@^3.0.1:
  version "3.0.1"
  resolved "https://registry.yarnpkg.com/domutils/-/domutils-3.0.1.tgz#696b3875238338cb186b6c0612bd4901c89a4f1c"
  integrity sha512-z08c1l761iKhDFtfXO04C7kTdPBLi41zwOZl00WS8b5eiaebNpY00HKbztwBq+e3vyqWNwWF3mP9YLUeqIrF+Q==
  dependencies:
    dom-serializer "^2.0.0"
    domelementtype "^2.3.0"
    domhandler "^5.0.1"

doublearray@0.0.2:
  version "0.0.2"
  resolved "https://registry.yarnpkg.com/doublearray/-/doublearray-0.0.2.tgz#63186fe8d34413276d3621f6aa0ec5f79e227ef9"
  integrity sha512-aw55FtZzT6AmiamEj2kvmR6BuFqvYgKZUkfQ7teqVRNqD5UE0rw8IeW/3gieHNKQ5sPuDKlljWEn4bzv5+1bHw==

entities@^4.2.0, entities@^4.3.0:
  version "4.3.1"
  resolved "https://registry.yarnpkg.com/entities/-/entities-4.3.1.tgz#c34062a94c865c322f9d67b4384e4169bcede6a4"
  integrity sha512-o4q/dYJlmyjP2zfnaWDUC6A3BQFmVTX+tZPezK7k0GLSU9QYCauscf5Y+qcEPzKL+EixVouYDgLQK5H9GrLpkg==

htmlparser2@^8.0.1:
  version "8.0.1"
  resolved "https://registry.yarnpkg.com/htmlparser2/-/htmlparser2-8.0.1.tgz#abaa985474fcefe269bc761a779b544d7196d010"
  integrity sha512-4lVbmc1diZC7GUJQtRQ5yBAeUCL1exyMwmForWkRLnwyzWBFxN633SALPMGYaWZvKe9j1pRZJpauvmxENSp/EA==
  dependencies:
    domelementtype "^2.3.0"
    domhandler "^5.0.2"
    domutils "^3.0.1"
    entities "^4.3.0"

kuromoji@^0.1.2:
  version "0.1.2"
  resolved "https://registry.yarnpkg.com/kuromoji/-/kuromoji-0.1.2.tgz#293f0d6706df006112137980588d5daac26d0790"
  integrity sha512-V0dUf+C2LpcPEXhoHLMAop/bOht16Dyr+mDiIE39yX3vqau7p80De/koFqpiTcL1zzdZlc3xuHZ8u5gjYRfFaQ==
  dependencies:
    async "^2.0.1"
    doublearray "0.0.2"
    zlibjs "^0.3.1"

lodash@^4.17.14:
  version "4.17.21"
  resolved "https://registry.yarnpkg.com/lodash/-/lodash-4.17.21.tgz#679591c564c3bffaae8454cf0b3df370c3d6911c"
  integrity sha512-v2kDEe57lecTulaDIuNTPy3Ry4gLGJ6Z1O3vE1krgXZNrsQ+LFTGHVxVjcXPs17LhbZVGedAJv8XZ1tvj5FvSg==

nth-check@^2.0.1:
  version "2.1.1"
  resolved "https://registry.yarnpkg.com/nth-check/-/nth-check-2.1.1.tgz#c9eab428effce36cd6b92c924bdb000ef1f1ed1d"
  integrity sha512-lqjrjmaOoAnWfMmBPL+XNnynZh2+swxiX3WUE0s4yEHI6m+AwrK2UZOimIRl3X/4QctVqS8AiZjFqyOGrMXb/w==
  dependencies:
    boolbase "^1.0.0"

parse5-htmlparser2-tree-adapter@^7.0.0:
  version "7.0.0"
  resolved "https://registry.yarnpkg.com/parse5-htmlparser2-tree-adapter/-/parse5-htmlparser2-tree-adapter-7.0.0.tgz#23c2cc233bcf09bb7beba8b8a69d46b08c62c2f1"
  integrity sha512-B77tOZrqqfUfnVcOrUvfdLbz4pu4RopLD/4vmu3HUPswwTA8OH0EMW9BlWR2B0RCoiZRAHEUu7IxeP1Pd1UU+g==
  dependencies:
    domhandler "^5.0.2"
    parse5 "^7.0.0"

parse5@^7.0.0:
  version "7.0.0"
  resolved "https://registry.yarnpkg.com/parse5/-/parse5-7.0.0.tgz#51f74a5257f5fcc536389e8c2d0b3802e1bfa91a"
  integrity sha512-y/t8IXSPWTuRZqXc0ajH/UwDj4mnqLEbSttNbThcFhGrZuOyoyvNBO85PBp2jQa55wY9d07PBNjsK8ZP3K5U6g==
  dependencies:
    entities "^4.3.0"

punycode@1.4.1:
  version "1.4.1"
  resolved "https://registry.yarnpkg.com/punycode/-/punycode-1.4.1.tgz#c0d5a63b2718800ad8e1eb0fa5269c84dd41845e"
  integrity sha512-jmYNElW7yvO7TV33CjSmvSiE2yco3bV2czu/OzDKdMNVZQWfxCblURLhf+47syQRBntjfLdd/H0egrzIG+oaFQ==

random-js@2.1.0:
  version "2.1.0"
  resolved "https://registry.yarnpkg.com/random-js/-/random-js-2.1.0.tgz#0c03238b0a4f701f7a4c7303036ade3083d8ee14"
  integrity sha512-CRUyWmnzmZBA7RZSVGq0xMqmgCyPPxbiKNLFA5ud7KenojVX2s7Gv+V7eB52beKTPGxWRnVZ7D/tCIgYJJ8vNQ==

regenerator-runtime@^0.13.4:
  version "0.13.9"
  resolved "https://registry.yarnpkg.com/regenerator-runtime/-/regenerator-runtime-0.13.9.tgz#8925742a98ffd90814988d7566ad30ca3b263b52"
  integrity sha512-p3VT+cOEgxFsRRA9X4lkI1E+k2/CtnKtU4gcxyaCUreilL/vqI6CdZ3wxVUx3UOUg+gnUOQQcRI7BmSI656MYA==

scalr@1.1.4:
  version "1.1.4"
  resolved "https://registry.yarnpkg.com/scalr/-/scalr-1.1.4.tgz#1d74190049199c5cc42704b56431cfbc06b04938"
  integrity sha512-eLMDJaFrI8o8V7q4IIdzZIV5T8U/+GziIkyIRkPP1hdTHWkz6Ln4zLvLs0oaiqN/4nGeDsI0GrjO/f8UMkVK6g==

twemoji-parser@^11.0.2:
  version "11.0.2"
  resolved "https://registry.yarnpkg.com/twemoji-parser/-/twemoji-parser-11.0.2.tgz#24e87c2008abe8544c962f193b88b331de32b446"
  integrity sha512-5kO2XCcpAql6zjdLwRwJjYvAZyDy3+Uj7v1ipBzLthQmDL7Ce19bEqHr3ImSNeoSW2OA8u02XmARbXHaNO8GhA==

twitter-text@^3.1.0:
  version "3.1.0"
  resolved "https://registry.yarnpkg.com/twitter-text/-/twitter-text-3.1.0.tgz#798e932b289f506efe2a1f03fe917ba30627f125"
  integrity sha512-nulfUi3FN6z0LUjYipJid+eiwXvOLb8Ass7Jy/6zsXmZK3URte043m8fL3FyDzrK+WLpyqhHuR/TcARTN/iuGQ==
  dependencies:
    "@babel/runtime" "^7.3.1"
    core-js "^2.5.0"
    punycode "1.4.1"
    twemoji-parser "^11.0.2"

zlibjs@^0.3.1:
  version "0.3.1"
  resolved "https://registry.yarnpkg.com/zlibjs/-/zlibjs-0.3.1.tgz#50197edb28a1c42ca659cc8b4e6a9ddd6d444554"
  integrity sha512-+J9RrgTKOmlxFSDHo0pI1xM6BLVUv+o0ZT9ANtCxGkjIVCCUdx9alUF8Gm+dGLKbkkkidWIHFDZHDMpfITt4+w==
